<?xml version="1.0" encoding="utf-8"?>
<Project ToolsVersion="4.0" xmlns="http://schemas.microsoft.com/developer/msbuild/2003">
  <ItemGroup>
    <Filter Include="Source Files">
      <UniqueIdentifier>{2C3B8C5F-45D8-45DC-89D3-F9FB7889C9DA}</UniqueIdentifier>
      <Extensions>cpp;c;cc;cxx;def;odl;idl;hpj;bat;asm;asmx</Extensions>
    </Filter>
    <Filter Include="Header Files">
      <UniqueIdentifier>{548AA1C9-5601-4F15-B01D-53DC20744039}</UniqueIdentifier>
      <Extensions>h;hh;hpp;hxx;hm;inl;inc;xsd</Extensions>
    </Filter>
    <Filter Include="Header Files\Protocol">
      <UniqueIdentifier>{7817a5d9-dbec-4278-8dcb-4458096bdbbf}</UniqueIdentifier>
    </Filter>
  </ItemGroup>
  <ItemGroup>
    <ClInclude Include="..\..\Include\Protocol\EfiGuard.h">
      <Filter>Header Files\Protocol</Filter>
    </ClInclude>
  </ItemGroup>
  <ItemGroup>
    <ClCompile Include="Loader.c">
      <Filter>Source Files</Filter>
    </ClCompile>
  </ItemGroup>
</Project>